
Microsoft Visual Studio Solution File, Format Version 12.00
# Visual Studio 15
VisualStudioVersion = 15.0.27130.2036
MinimumVisualStudioVersion = 10.0.40219.1
Project("{FAE04EC0-301F-11D3-BF4B-00C04F79EFBC}") = "firstVSStuff", "firstVSStuff\firstVSStuff.csproj", "{08E68CA1-0BC2-43DD-B52E-5C08C3C3939D}"
EndProject
Global
	GlobalSection(SolutionConfigurationPlatforms) = preSolution
		Debug|Any CPU = Debug|Any CPU
		Release|Any CPU = Release|Any CPU
	EndGlobalSection
	GlobalSection(ProjectConfigurationPlatforms) = postSolution
		{08E68CA1-0BC2-43DD-B52E-5C08C3C3939D}.Debug|Any CPU.ActiveCfg = Debug|Any CPU
		{08E68CA1-0BC2-43DD-B52E-5C08C3C3939D}.Debug|Any CPU.Build.0 = Debug|Any CPU
		{08E68CA1-0BC2-43DD-B52E-5C08C3C3939D}.Release|Any CPU.ActiveCfg = Release|Any CPU
		{08E68CA1-0BC2-43DD-B52E-5C08C3C3939D}.Release|Any CPU.Build.0 = Release|Any CPU
	EndGlobalSection
	GlobalSection(SolutionProperties) = preSolution
		HideSolutionNode = FALSE
	EndGlobalSection
	GlobalSection(ExtensibilityGlobals) = postSolution
		SolutionGuid = {9157AF75-1746-4ABC-AEFC-2AA3351CA3E2}
	EndGlobalSection
EndGlobal
